# This file is automatically @generated by Cargo.
# It is not intended for manual editing.
version = 4

[[package]]
name = "UnknownEngine"
version = "0.1.0"
dependencies = [
 "UnknownEngine-Platform",
 "UnknownEngine-Platform-Windows",
]

[[package]]
name = "UnknownEngine-Core"
version = "0.1.0"

[[package]]
name = "UnknownEngine-Platform"
version = "0.1.0"

[[package]]
name = "UnknownEngine-Platform-Windows"
version = "0.1.0"
dependencies = [
 "UnknownEngine-Platform",
]
